{
  "root": "6527916e636ef15d",
  "generated": "2026-06-04T01:16:16Z",
  "status": "aligned",
  "symbols": {
    "architecture": {
      "hash": "e8a554597f99bbe6",
      "means": "architecture: provider=linode, schema_version=3",
      "docs": {
        "docs/architecture.md": {
          "hash": "5c6ba121447020b0",
          "status": "current"
        }
      },
      "interlocks": {}
    },
    "deployment": {
      "hash": "9df7213e2fed0bdc",
      "means": "deployment: expects_provider=linode, expects_schema=3",
      "docs": {
        "docs/deployment.md": {
          "hash": "df511d990f8e0ae8",
          "status": "current"
        }
      },
      "interlocks": {
        "architecture.provider == expects_provider": "PASS",
        "architecture.schema_version == expects_schema": "PASS"
      }
    }
  }
}
